{
  "name": "ethdenver",
  "version": "1.0.0",
  "lockfileVersion": 1,
  "requires": true,
  "dependencies": {
    "multi-token-standard": {
      "version": "0.8.11",
      "resolved": "https://registry.npmjs.org/multi-token-standard/-/multi-token-standard-0.8.11.tgz",
      "integrity": "sha512-CHQhTcL7owRM2X2qdndIF8hcn43gMrXOkWuShlFX7iArYjlfo1RjhqaaI+/mPMuzKDgQ8gvnRttitY2SbT8IEA=="
    }
  }
}
